
Microsoft Visual Studio Solution File, Format Version 12.00
# Visual Studio Version 17
VisualStudioVersion = 17.10.35013.160
MinimumVisualStudioVersion = 10.0.40219.1
Project("{FAE04EC0-301F-11D3-BF4B-00C04F79EFBC}") = "WintunNet", "WintunNet\WintunNet.csproj", "{D11A1999-1FAD-4159-8DCE-0763E246818E}"
EndProject
Project("{FAE04EC0-301F-11D3-BF4B-00C04F79EFBC}") = "WintunNet.Example", "WintunNet.Example\WintunNet.Example.csproj", "{945C2380-0807-4CEA-9569-FCEA35BED78C}"
EndProject
Global
	GlobalSection(SolutionConfigurationPlatforms) = preSolution
		Debug|Any CPU = Debug|Any CPU
		Release|Any CPU = Release|Any CPU
	EndGlobalSection
	GlobalSection(ProjectConfigurationPlatforms) = postSolution
		{D11A1999-1FAD-4159-8DCE-0763E246818E}.Debug|Any CPU.ActiveCfg = Debug|Any CPU
		{D11A1999-1FAD-4159-8DCE-0763E246818E}.Debug|Any CPU.Build.0 = Debug|Any CPU
		{D11A1999-1FAD-4159-8DCE-0763E246818E}.Release|Any CPU.ActiveCfg = Release|Any CPU
		{D11A1999-1FAD-4159-8DCE-0763E246818E}.Release|Any CPU.Build.0 = Release|Any CPU
		{945C2380-0807-4CEA-9569-FCEA35BED78C}.Debug|Any CPU.ActiveCfg = Debug|Any CPU
		{945C2380-0807-4CEA-9569-FCEA35BED78C}.Debug|Any CPU.Build.0 = Debug|Any CPU
		{945C2380-0807-4CEA-9569-FCEA35BED78C}.Release|Any CPU.ActiveCfg = Release|Any CPU
		{945C2380-0807-4CEA-9569-FCEA35BED78C}.Release|Any CPU.Build.0 = Release|Any CPU
	EndGlobalSection
	GlobalSection(SolutionProperties) = preSolution
		HideSolutionNode = FALSE
	EndGlobalSection
	GlobalSection(ExtensibilityGlobals) = postSolution
		SolutionGuid = {D87BC0F1-8820-4A9C-84DF-8BD2BBE06885}
	EndGlobalSection
EndGlobal
